
Microsoft Visual Studio Solution File, Format Version 12.00
# Visual Studio 14
VisualStudioVersion = 14.0.25420.1
MinimumVisualStudioVersion = 10.0.40219.1
Project("{FAE04EC0-301F-11D3-BF4B-00C04F79EFBC}") = "MVC5MovieStore", "MVC5MovieStore\MVC5MovieStore.csproj", "{DFAC0F6E-AAC5-429C-B688-C472F0842DAB}"
EndProject
Project("{FAE04EC0-301F-11D3-BF4B-00C04F79EFBC}") = "MVC5MovieStore.Tests", "MVC5MovieStore.Tests\MVC5MovieStore.Tests.csproj", "{54C8184B-50FC-4442-B915-C5D299468076}"
EndProject
Project("{2150E333-8FDC-42A3-9474-1A3956D46DE8}") = "Solution Items", "Solution Items", "{5C889152-45AA-436F-B977-8D5A81D0C1CF}"
	ProjectSection(SolutionItems) = preProject
		Grant.sql = Grant.sql
	EndProjectSection
EndProject
Global
	GlobalSection(SolutionConfigurationPlatforms) = preSolution
		Debug|Any CPU = Debug|Any CPU
		Release|Any CPU = Release|Any CPU
	EndGlobalSection
	GlobalSection(ProjectConfigurationPlatforms) = postSolution
		{DFAC0F6E-AAC5-429C-B688-C472F0842DAB}.Debug|Any CPU.ActiveCfg = Debug|Any CPU
		{DFAC0F6E-AAC5-429C-B688-C472F0842DAB}.Debug|Any CPU.Build.0 = Debug|Any CPU
		{DFAC0F6E-AAC5-429C-B688-C472F0842DAB}.Release|Any CPU.ActiveCfg = Release|Any CPU
		{DFAC0F6E-AAC5-429C-B688-C472F0842DAB}.Release|Any CPU.Build.0 = Release|Any CPU
		{54C8184B-50FC-4442-B915-C5D299468076}.Debug|Any CPU.ActiveCfg = Debug|Any CPU
		{54C8184B-50FC-4442-B915-C5D299468076}.Debug|Any CPU.Build.0 = Debug|Any CPU
		{54C8184B-50FC-4442-B915-C5D299468076}.Release|Any CPU.ActiveCfg = Release|Any CPU
		{54C8184B-50FC-4442-B915-C5D299468076}.Release|Any CPU.Build.0 = Release|Any CPU
	EndGlobalSection
	GlobalSection(SolutionProperties) = preSolution
		HideSolutionNode = FALSE
	EndGlobalSection
EndGlobal
